// !$*UTF8*$!
{
	archiveVersion = 1;
	classes = {
	};
	objectVersion = 46;
	objects = {

/* Begin PBXBuildFile section */
		195BAE8F1D343F520073B646 /* AppDelegate.swift in Sources */ = {isa = PBXBuildFile; fileRef = 195BAE8E1D343F520073B646 /* AppDelegate.swift */; };
		195BAE911D343F520073B646 /* ViewController.swift in Sources */ = {isa = PBXBuildFile; fileRef = 195BAE901D343F520073B646 /* ViewController.swift */; };
		195BAE931D343F520073B646 /* Assets.xcassets in Resources */ = {isa = PBXBuildFile; fileRef = 195BAE921D343F520073B646 /* Assets.xcassets */; };
		195BAE961D343F520073B646 /* Main.storyboard in Resources */ = {isa = PBXBuildFile; fileRef = 195BAE941D343F520073B646 /* Main.storyboard */; };
/* End PBXBuildFile section */

/* Begin PBXFileReference section */
		195BAE8B1D343F520073B646 /* highlighter2.app */ = {isa = PBXFileReference; explicitFileType = wrapper.application; includeInIndex = 0; path = highlighter2.app; sourceTree = BUILT_PRODUCTS_DIR; };
		195BAE8E1D343F520073B646 /* AppDelegate.swift */ = {isa = PBXFileReference; lastKnownFileType = sourcecode.swift; path = AppDelegate.swift; sourceTree = "<group>"; };
		195BAE901D343F520073B646 /* ViewController.swift */ = {isa = PBXFileReference; lastKnownFileType = sourcecode.swift; path = ViewController.swift; sourceTree = "<group>"; };
		195BAE921D343F520073B646 /* Assets.xcassets */ = {isa = PBXFileReference; lastKnownFileType = folder.assetcatalog; path = Assets.xcassets; sourceTree = "<group>"; };
		195BAE951D343F520073B646 /* Base */ = {isa = PBXFileReference; lastKnownFileType = file.storyboard; name = Base; path = Base.lproj/Main.storyboard; sourceTree = "<group>"; };
		195BAE971D343F520073B646 /* Info.plist */ = {isa = PBXFileReference; lastKnownFileType = text.plist.xml; path = Info.plist; sourceTree = "<group>"; };
/* End PBXFileReference section */

/* Begin PBXFrameworksBuildPhase section */
		195BAE881D343F520073B646 /* Frameworks */ = {
			isa = PBXFrameworksBuildPhase;
			buildActionMask = 2147483647;
			files = (
			);
			runOnlyForDeploymentPostprocessing = 0;
		};
/* End PBXFrameworksBuildPhase section */

/* Begin PBXGroup section */
		195BAE821D343F520073B646 = {
			isa = PBXGroup;
			children = (
				195BAE8D1D343F520073B646 /* highlighter2 */,
				195BAE8C1D343F520073B646 /* Products */,
			);
			sourceTree = "<group>";
		};
		195BAE8C1D343F520073B646 /* Products */ = {
			isa = PBXGroup;
			children = (
				195BAE8B1D343F520073B646 /* highlighter2.app */,
			);
			name = Products;
			sourceTree = "<group>";
		};
		195BAE8D1D343F520073B646 /* highlighter2 */ = {
			isa = PBXGroup;
			children = (
				195BAE8E1D343F520073B646 /* AppDelegate.swift */,
				195BAE901D343F520073B646 /* ViewController.swift */,
				195BAE921D343F520073B646 /* Assets.xcassets */,
				195BAE941D343F520073B646 /* Main.storyboard */,
				195BAE971D343F520073B646 /* Info.plist */,
			);
			path = highlighter2;
			sourceTree = "<group>";
		};
/* End PBXGroup section */

/* Begin PBXNativeTarget section */
		195BAE8A1D343F520073B646 /* highlighter2 */ = {
			isa = PBXNativeTarget;
			buildConfigurationList = 195BAE9A1D343F520073B646 /* Build configuration list for PBXNativeTarget "highlighter2" */;
			buildPhases = (
				195BAE871D343F520073B646 /* Sources */,
				195BAE881D343F520073B646 /* Frameworks */,
				195BAE891D343F520073B646 /* Resources */,
			);
			buildRules = (
			);
			dependencies = (
			);
			name = highlighter2;
			productName = highlighter2;
			productReference = 195BAE8B1D343F520073B646 /* highlighter2.app */;
			productType = "com.apple.product-type.application";
		};
/* End PBXNativeTarget section */

/* Begin PBXProject section */
		195BAE831D343F520073B646 /* Project object */ = {
			isa = PBXProject;
			attributes = {
				LastSwiftUpdateCheck = 0730;
				LastUpgradeCheck = 0730;
				ORGANIZATIONNAME = shohei;
				TargetAttributes = {
					195BAE8A1D343F520073B646 = {
						CreatedOnToolsVersion = 7.3.1;
					};
				};
			};
			buildConfigurationList = 195BAE861D343F520073B646 /* Build configuration list for PBXProject "highlighter2" */;
			compatibilityVersion = "Xcode 3.2";
			developmentRegion = English;
			hasScannedForEncodings = 0;
			knownRegions = (
				en,
				Base,
			);
			mainGroup = 195BAE821D343F520073B646;
			productRefGroup = 195BAE8C1D343F520073B646 /* Products */;
			projectDirPath = "";
			projectRoot = "";
			targets = (
				195BAE8A1D343F520073B646 /* highlighter2 */,
			);
		};
/* End PBXProject section */

/* Begin PBXResourcesBuildPhase section */
		195BAE891D343F520073B646 /* Resources */ = {
			isa = PBXResourcesBuildPhase;
			buildActionMask = 2147483647;
			files = (
				195BAE931D343F520073B646 /* Assets.xcassets in Resources */,
				195BAE961D343F520073B646 /* Main.storyboard in Resources */,
			);
			runOnlyForDeploymentPostprocessing = 0;
		};
/* End PBXResourcesBuildPhase section */

/* Begin PBXSourcesBuildPhase section */
		195BAE871D343F520073B646 /* Sources */ = {
			isa = PBXSourcesBuildPhase;
			buildActionMask = 2147483647;
			files = (
				195BAE911D343F520073B646 /* ViewController.swift in Sources */,
				195BAE8F1D343F520073B646 /* AppDelegate.swift in Sources */,
			);
			runOnlyForDeploymentPostprocessing = 0;
		};
/* End PBXSourcesBuildPhase section */

/* Begin PBXVariantGroup section */
		195BAE941D343F520073B646 /* Main.storyboard */ = {
			isa = PBXVariantGroup;
			children = (
				195BAE951D343F520073B646 /* Base */,
			);
			name = Main.storyboard;
			sourceTree = "<group>";
		};
/* End PBXVariantGroup section */

/* Begin XCBuildConfiguration section */
		195BAE981D343F520073B646 /* Debug */ = {
			isa = XCBuildConfiguration;
			buildSettings = {
				ALWAYS_SEARCH_USER_PATHS = NO;
				CLANG_ANALYZER_NONNULL = YES;
				CLANG_CXX_LANGUAGE_STANDARD = "gnu++0x";
				CLANG_CXX_LIBRARY = "libc++";
				CLANG_ENABLE_MODULES = YES;
				CLANG_ENABLE_OBJC_ARC = YES;
				CLANG_WARN_BOOL_CONVERSION = YES;
				CLANG_WARN_CONSTANT_CONVERSION = YES;
				CLANG_WARN_DIRECT_OBJC_ISA_USAGE = YES_ERROR;
				CLANG_WARN_EMPTY_BODY = YES;
				CLANG_WARN_ENUM_CONVERSION = YES;
				CLANG_WARN_INT_CONVERSION = YES;
				CLANG_WARN_OBJC_ROOT_CLASS = YES_ERROR;
				CLANG_WARN_UNREACHABLE_CODE = YES;
				CLANG_WARN__DUPLICATE_METHOD_MATCH = YES;
				CODE_SIGN_IDENTITY = "-";
				COPY_PHASE_STRIP = NO;
				DEBUG_INFORMATION_FORMAT = dwarf;
				ENABLE_STRICT_OBJC_MSGSEND = YES;
				ENABLE_TESTABILITY = YES;
				GCC_C_LANGUAGE_STANDARD = gnu99;
				GCC_DYNAMIC_NO_PIC = NO;
				GCC_NO_COMMON_BLOCKS = YES;
				GCC_OPTIMIZATION_LEVEL = 0;
				GCC_PREPROCESSOR_DEFINITIONS = (
					"DEBUG=1",
					"$(inherited)",
				);
				GCC_WARN_64_TO_32_BIT_CONVERSION = YES;
				GCC_WARN_ABOUT_RETURN_TYPE = YES_ERROR;
				GCC_WARN_UNDECLARED_SELECTOR = YES;
				GCC_WARN_UNINITIALIZED_AUTOS = YES_AGGRESSIVE;
				GCC_WARN_UNUSED_FUNCTION = YES;
				GCC_WARN_UNUSED_VARIABLE = YES;
				MACOSX_DEPLOYMENT_TARGET = 10.11;
				MTL_ENABLE_DEBUG_INFO = YES;
				ONLY_ACTIVE_ARCH = YES;
				SDKROOT = macosx;
				SWIFT_OPTIMIZATION_LEVEL = "-Onone";
			};
			name = Debug;
		};
		195BAE991D343F520073B646 /* Release */ = {
			isa = XCBuildConfiguration;
			buildSettings = {
				ALWAYS_SEARCH_USER_PATHS = NO;
				CLANG_ANALYZER_NONNULL = YES;
				CLANG_CXX_LANGUAGE_STANDARD = "gnu++0x";
				CLANG_CXX_LIBRARY = "libc++";
				CLANG_ENABLE_MODULES = YES;
				CLANG_ENABLE_OBJC_ARC = YES;
				CLANG_WARN_BOOL_CONVERSION = YES;
				CLANG_WARN_CONSTANT_CONVERSION = YES;
				CLANG_WARN_DIRECT_OBJC_ISA_USAGE = YES_ERROR;
				CLANG_WARN_EMPTY_BODY = YES;
				CLANG_WARN_ENUM_CONVERSION = YES;
				CLANG_WARN_INT_CONVERSION = YES;
				CLANG_WARN_OBJC_ROOT_CLASS = YES_ERROR;
				CLANG_WARN_UNREACHABLE_CODE = YES;
				CLANG_WARN__DUPLICATE_METHOD_MATCH = YES;
				CODE_SIGN_IDENTITY = "-";
				COPY_PHASE_STRIP = NO;
				DEBUG_INFORMATION_FORMAT = "dwarf-with-dsym";
				ENABLE_NS_ASSERTIONS = NO;
				ENABLE_STRICT_OBJC_MSGSEND = YES;
				GCC_C_LANGUAGE_STANDARD = gnu99;
				GCC_NO_COMMON_BLOCKS = YES;
				GCC_WARN_64_TO_32_BIT_CONVERSION = YES;
				GCC_WARN_ABOUT_RETURN_TYPE = YES_ERROR;
				GCC_WARN_UNDECLARED_SELECTOR = YES;
				GCC_WARN_UNINITIALIZED_AUTOS = YES_AGGRESSIVE;
				GCC_WARN_UNUSED_FUNCTION = YES;
				GCC_WARN_UNUSED_VARIABLE = YES;
				MACOSX_DEPLOYMENT_TARGET = 10.11;
				MTL_ENABLE_DEBUG_INFO = NO;
				SDKROOT = macosx;
			};
			name = Release;
		};
		195BAE9B1D343F520073B646 /* Debug */ = {
			isa = XCBuildConfiguration;
			buildSettings = {
				ASSETCATALOG_COMPILER_APPICON_NAME = AppIcon;
				COMBINE_HIDPI_IMAGES = YES;
				INFOPLIST_FILE = highlighter2/Info.plist;
				LD_RUNPATH_SEARCH_PATHS = "$(inherited) @executable_path/../Frameworks";
				PRODUCT_BUNDLE_IDENTIFIER = com.shoheiaoki.highlighter2;
				PRODUCT_NAME = "$(TARGET_NAME)";
			};
			name = Debug;
		};
		195BAE9C1D343F520073B646 /* Release */ = {
			isa = XCBuildConfiguration;
			buildSettings = {
				ASSETCATALOG_COMPILER_APPICON_NAME = AppIcon;
				COMBINE_HIDPI_IMAGES = YES;
				INFOPLIST_FILE = highlighter2/Info.plist;
				LD_RUNPATH_SEARCH_PATHS = "$(inherited) @executable_path/../Frameworks";
				PRODUCT_BUNDLE_IDENTIFIER = com.shoheiaoki.highlighter2;
				PRODUCT_NAME = "$(TARGET_NAME)";
			};
			name = Release;
		};
/* End XCBuildConfiguration section */

/* Begin XCConfigurationList section */
		195BAE861D343F520073B646 /* Build configuration list for PBXProject "highlighter2" */ = {
			isa = XCConfigurationList;
			buildConfigurations = (
				195BAE981D343F520073B646 /* Debug */,
				195BAE991D343F520073B646 /* Release */,
			);
			defaultConfigurationIsVisible = 0;
			defaultConfigurationName = Release;
		};
		195BAE9A1D343F520073B646 /* Build configuration list for PBXNativeTarget "highlighter2" */ = {
			isa = XCConfigurationList;
			buildConfigurations = (
				195BAE9B1D343F520073B646 /* Debug */,
				195BAE9C1D343F520073B646 /* Release */,
			);
			defaultConfigurationIsVisible = 0;
		};
/* End XCConfigurationList section */
	};
	rootObject = 195BAE831D343F520073B646 /* Project object */;
}
